
Microsoft Visual Studio Solution File, Format Version 12.00
# Visual Studio Version 16
VisualStudioVersion = 16.0.31005.135
MinimumVisualStudioVersion = 10.0.40219.1
Project("{9A19103F-16F7-4668-BE54-9A1E7A4F7556}") = "Core", "Core\Core.csproj", "{11236C35-9945-4B44-A251-39892B07D4C8}"
EndProject
Project("{9A19103F-16F7-4668-BE54-9A1E7A4F7556}") = "Infrastructure", "Infrastructure\Infrastructure.csproj", "{A48868E0-8994-4A9A-A36D-631E83B52BC9}"
EndProject
Project("{2150E333-8FDC-42A3-9474-1A3956D46DE8}") = "Tests", "Tests", "{4CBD18DC-6B7C-4A85-BA31-C93DCB47C001}"
EndProject
Project("{9A19103F-16F7-4668-BE54-9A1E7A4F7556}") = "UnitTests", "UnitTests\UnitTests.csproj", "{6F39BB3F-DFC6-4EBA-A467-8C4677FE1BFC}"
EndProject
Project("{9A19103F-16F7-4668-BE54-9A1E7A4F7556}") = "IntegrationTests", "IntegrationTests\IntegrationTests.csproj", "{66BD72D5-637E-4B2C-9134-CC7B39D2F82F}"
EndProject
Project("{FAE04EC0-301F-11D3-BF4B-00C04F79EFBC}") = "API", "API\API.csproj", "{ECC12AF2-E2DD-437F-A76D-E04FD260AE48}"
EndProject
Global
	GlobalSection(SolutionConfigurationPlatforms) = preSolution
		Debug|Any CPU = Debug|Any CPU
		Release|Any CPU = Release|Any CPU
	EndGlobalSection
	GlobalSection(ProjectConfigurationPlatforms) = postSolution
		{11236C35-9945-4B44-A251-39892B07D4C8}.Debug|Any CPU.ActiveCfg = Debug|Any CPU
		{11236C35-9945-4B44-A251-39892B07D4C8}.Debug|Any CPU.Build.0 = Debug|Any CPU
		{11236C35-9945-4B44-A251-39892B07D4C8}.Release|Any CPU.ActiveCfg = Release|Any CPU
		{11236C35-9945-4B44-A251-39892B07D4C8}.Release|Any CPU.Build.0 = Release|Any CPU
		{A48868E0-8994-4A9A-A36D-631E83B52BC9}.Debug|Any CPU.ActiveCfg = Debug|Any CPU
		{A48868E0-8994-4A9A-A36D-631E83B52BC9}.Debug|Any CPU.Build.0 = Debug|Any CPU
		{A48868E0-8994-4A9A-A36D-631E83B52BC9}.Release|Any CPU.ActiveCfg = Release|Any CPU
		{A48868E0-8994-4A9A-A36D-631E83B52BC9}.Release|Any CPU.Build.0 = Release|Any CPU
		{6F39BB3F-DFC6-4EBA-A467-8C4677FE1BFC}.Debug|Any CPU.ActiveCfg = Debug|Any CPU
		{6F39BB3F-DFC6-4EBA-A467-8C4677FE1BFC}.Debug|Any CPU.Build.0 = Debug|Any CPU
		{6F39BB3F-DFC6-4EBA-A467-8C4677FE1BFC}.Release|Any CPU.ActiveCfg = Release|Any CPU
		{6F39BB3F-DFC6-4EBA-A467-8C4677FE1BFC}.Release|Any CPU.Build.0 = Release|Any CPU
		{66BD72D5-637E-4B2C-9134-CC7B39D2F82F}.Debug|Any CPU.ActiveCfg = Debug|Any CPU
		{66BD72D5-637E-4B2C-9134-CC7B39D2F82F}.Debug|Any CPU.Build.0 = Debug|Any CPU
		{66BD72D5-637E-4B2C-9134-CC7B39D2F82F}.Release|Any CPU.ActiveCfg = Release|Any CPU
		{66BD72D5-637E-4B2C-9134-CC7B39D2F82F}.Release|Any CPU.Build.0 = Release|Any CPU
		{ECC12AF2-E2DD-437F-A76D-E04FD260AE48}.Debug|Any CPU.ActiveCfg = Debug|Any CPU
		{ECC12AF2-E2DD-437F-A76D-E04FD260AE48}.Debug|Any CPU.Build.0 = Debug|Any CPU
		{ECC12AF2-E2DD-437F-A76D-E04FD260AE48}.Release|Any CPU.ActiveCfg = Release|Any CPU
		{ECC12AF2-E2DD-437F-A76D-E04FD260AE48}.Release|Any CPU.Build.0 = Release|Any CPU
	EndGlobalSection
	GlobalSection(SolutionProperties) = preSolution
		HideSolutionNode = FALSE
	EndGlobalSection
	GlobalSection(NestedProjects) = preSolution
		{6F39BB3F-DFC6-4EBA-A467-8C4677FE1BFC} = {4CBD18DC-6B7C-4A85-BA31-C93DCB47C001}
		{66BD72D5-637E-4B2C-9134-CC7B39D2F82F} = {4CBD18DC-6B7C-4A85-BA31-C93DCB47C001}
	EndGlobalSection
	GlobalSection(ExtensibilityGlobals) = postSolution
		SolutionGuid = {3182A7BD-7135-4A37-A0F6-245743CAEE0E}
	EndGlobalSection
EndGlobal
